
Microsoft Visual Studio Solution File, Format Version 12.00
# Visual Studio Version 16
VisualStudioVersion = 16.0.30204.135
MinimumVisualStudioVersion = 10.0.40219.1
Project("{8BC9CEB8-8B4A-11D0-8D11-00A0C91BC942}") = "OpenDorks", "OpenDorks\OpenDorks.vcxproj", "{53C1A078-6CA9-4C04-B419-83E82E1E9E3B}"
EndProject
Global
	GlobalSection(SolutionConfigurationPlatforms) = preSolution
		Debug|x64 = Debug|x64
		Debug|x86 = Debug|x86
		Release|x64 = Release|x64
		Release|x86 = Release|x86
	EndGlobalSection
	GlobalSection(ProjectConfigurationPlatforms) = postSolution
		{53C1A078-6CA9-4C04-B419-83E82E1E9E3B}.Debug|x64.ActiveCfg = Debug|x64
		{53C1A078-6CA9-4C04-B419-83E82E1E9E3B}.Debug|x64.Build.0 = Debug|x64
		{53C1A078-6CA9-4C04-B419-83E82E1E9E3B}.Debug|x86.ActiveCfg = Debug|Win32
		{53C1A078-6CA9-4C04-B419-83E82E1E9E3B}.Debug|x86.Build.0 = Debug|Win32
		{53C1A078-6CA9-4C04-B419-83E82E1E9E3B}.Release|x64.ActiveCfg = Release|x64
		{53C1A078-6CA9-4C04-B419-83E82E1E9E3B}.Release|x64.Build.0 = Release|x64
		{53C1A078-6CA9-4C04-B419-83E82E1E9E3B}.Release|x86.ActiveCfg = Release|Win32
		{53C1A078-6CA9-4C04-B419-83E82E1E9E3B}.Release|x86.Build.0 = Release|Win32
	EndGlobalSection
	GlobalSection(SolutionProperties) = preSolution
		HideSolutionNode = FALSE
	EndGlobalSection
	GlobalSection(ExtensibilityGlobals) = postSolution
		SolutionGuid = {E6B783CB-481A-4D0B-A7CA-7E1C86A1459A}
	EndGlobalSection
EndGlobal
